
Microsoft Visual Studio Solution File, Format Version 12.00
# Visual Studio 2012
Project("{FAE04EC0-301F-11D3-BF4B-00C04F79EFBC}") = "redisLoad", "redisLoad\redisLoad.csproj", "{45BCA7FF-5A68-4F55-9F2C-4F78A03B3BBB}"
EndProject
Global
	GlobalSection(SolutionConfigurationPlatforms) = preSolution
		Debug|Any CPU = Debug|Any CPU
		Release|Any CPU = Release|Any CPU
	EndGlobalSection
	GlobalSection(ProjectConfigurationPlatforms) = postSolution
		{45BCA7FF-5A68-4F55-9F2C-4F78A03B3BBB}.Debug|Any CPU.ActiveCfg = Debug|Any CPU
		{45BCA7FF-5A68-4F55-9F2C-4F78A03B3BBB}.Debug|Any CPU.Build.0 = Debug|Any CPU
		{45BCA7FF-5A68-4F55-9F2C-4F78A03B3BBB}.Release|Any CPU.ActiveCfg = Release|Any CPU
		{45BCA7FF-5A68-4F55-9F2C-4F78A03B3BBB}.Release|Any CPU.Build.0 = Release|Any CPU
	EndGlobalSection
	GlobalSection(SolutionProperties) = preSolution
		HideSolutionNode = FALSE
	EndGlobalSection
EndGlobal
